{
  "name": "grok-bot-headless-node",
  "version": "0.2.0",
  "lockfileVersion": 3,
  "requires": true,
  "packages": {
    "": {
      "name": "grok-bot-headless-node",
      "version": "0.2.0",
      "license": "MIT",
      "bin": {
        "grok-bot-headless": "grok-bot-headless.mjs"
      },
      "engines": {
        "node": ">=20"
      }
    }
  }
}
